{
  "version": 4,
  "terraform_version": "1.10.5",
  "serial": 11,
  "lineage": "795684c9-9b5b-6ca7-0a54-8696bab9b190",
  "outputs": {
    "autoscaling_configuration_arn": {
      "value": "arn:aws:apprunner:us-east-1:730335190330:autoscalingconfiguration/qamatching-app-autoscaling/1/0942b2ebd63e4914883352577bac6f77",
      "type": "string"
    },
    "bedrock_policy_arn": {
      "value": "arn:aws:iam::730335190330:policy/qamatching-app-bedrock-access",
      "type": "string"
    },
    "ecr_repository_arn": {
      "value": "arn:aws:ecr:us-east-1:730335190330:repository/qamatching-app",
      "type": "string"
    },
    "ecr_repository_url": {
      "value": "730335190330.dkr.ecr.us-east-1.amazonaws.com/qamatching-app",
      "type": "string"
    },
    "github_connection_arn": {
      "value": "arn:aws:apprunner:us-east-1:730335190330:connection/qamatching-app-github-connection/2b4e3a2bc63345ce9f480f7ff2cb9dee",
      "type": "string"
    },
    "instance_role_arn": {
      "value": "arn:aws:iam::730335190330:role/qamatching-app-apprunner-instance-role",
      "type": "string"
    }
  },
  "resources": [
    {
      "mode": "data",
      "type": "aws_caller_identity",
      "name": "current",
      "provider": "provider[\"registry.terraform.io/hashicorp/aws\"]",
      "instances": [
        {
          "schema_version": 0,
          "attributes": {
            "account_id": "730335190330",
            "arn": "arn:aws:iam::730335190330:user/abe",
            "id": "730335190330",
            "user_id": "AIDA2UC26TU5LSMXR6ERU"
          },
          "sensitive_attributes": []
        }
      ]
    },
    {
      "mode": "data",
      "type": "aws_region",
      "name": "current",
      "provider": "provider[\"registry.terraform.io/hashicorp/aws\"]",
      "instances": [
        {
          "schema_version": 0,
          "attributes": {
            "description": "US East (N. Virginia)",
            "endpoint": "ec2.us-east-1.amazonaws.com",
            "id": "us-east-1",
            "name": "us-east-1"
          },
          "sensitive_attributes": []
        }
      ]
    },
    {
      "mode": "managed",
      "type": "aws_apprunner_auto_scaling_configuration_version",
      "name": "main",
      "provider": "provider[\"registry.terraform.io/hashicorp/aws\"]",
      "instances": [
        {
          "schema_version": 0,
          "attributes": {
            "arn": "arn:aws:apprunner:us-east-1:730335190330:autoscalingconfiguration/qamatching-app-autoscaling/1/0942b2ebd63e4914883352577bac6f77",
            "auto_scaling_configuration_name": "qamatching-app-autoscaling",
            "auto_scaling_configuration_revision": 1,
            "has_associated_service": false,
            "id": "arn:aws:apprunner:us-east-1:730335190330:autoscalingconfiguration/qamatching-app-autoscaling/1/0942b2ebd63e4914883352577bac6f77",
            "is_default": false,
            "latest": true,
            "max_concurrency": 100,
            "max_size": 10,
            "min_size": 1,
            "status": "active",
            "tags": {
              "Environment": "production",
              "ManagedBy": "terraform",
              "Owner": "your-name",
              "Project": "qamatching"
            },
            "tags_all": {
              "Environment": "production",
              "ManagedBy": "terraform",
              "Owner": "your-name",
              "Project": "qamatching"
            }
          },
          "sensitive_attributes": [],
          "private": "bnVsbA=="
        }
      ]
    },
    {
      "mode": "managed",
      "type": "aws_apprunner_connection",
      "name": "github",
      "provider": "provider[\"registry.terraform.io/hashicorp/aws\"]",
      "instances": [
        {
          "schema_version": 0,
          "attributes": {
            "arn": "arn:aws:apprunner:us-east-1:730335190330:connection/qamatching-app-github-connection/2b4e3a2bc63345ce9f480f7ff2cb9dee",
            "connection_name": "qamatching-app-github-connection",
            "id": "qamatching-app-github-connection",
            "provider_type": "GITHUB",
            "status": "PENDING_HANDSHAKE",
            "tags": {
              "Environment": "production",
              "ManagedBy": "terraform",
              "Owner": "your-name",
              "Project": "qamatching"
            },
            "tags_all": {
              "Environment": "production",
              "ManagedBy": "terraform",
              "Owner": "your-name",
              "Project": "qamatching"
            }
          },
          "sensitive_attributes": [],
          "private": "bnVsbA=="
        }
      ]
    },
    {
      "mode": "managed",
      "type": "aws_ecr_repository",
      "name": "main",
      "provider": "provider[\"registry.terraform.io/hashicorp/aws\"]",
      "instances": [
        {
          "schema_version": 0,
          "attributes": {
            "arn": "arn:aws:ecr:us-east-1:730335190330:repository/qamatching-app",
            "encryption_configuration": [
              {
                "encryption_type": "AES256",
                "kms_key": ""
              }
            ],
            "force_delete": null,
            "id": "qamatching-app",
            "image_scanning_configuration": [
              {
                "scan_on_push": true
              }
            ],
            "image_tag_mutability": "MUTABLE",
            "name": "qamatching-app",
            "registry_id": "730335190330",
            "repository_url": "730335190330.dkr.ecr.us-east-1.amazonaws.com/qamatching-app",
            "tags": {
              "Environment": "production",
              "ManagedBy": "terraform",
              "Owner": "your-name",
              "Project": "qamatching"
            },
            "tags_all": {
              "Environment": "production",
              "ManagedBy": "terraform",
              "Owner": "your-name",
              "Project": "qamatching"
            },
            "timeouts": null
          },
          "sensitive_attributes": [],
          "private": "eyJlMmJmYjczMC1lY2FhLTExZTYtOGY4OC0zNDM2M2JjN2M0YzAiOnsiZGVsZXRlIjoxMjAwMDAwMDAwMDAwfX0="
        }
      ]
    },
    {
      "mode": "managed",
      "type": "aws_ecr_repository_policy",
      "name": "main",
      "provider": "provider[\"registry.terraform.io/hashicorp/aws\"]",
      "instances": [
        {
          "schema_version": 0,
          "attributes": {
            "id": "qamatching-app",
            "policy": "{\"Statement\":[{\"Action\":[\"ecr:GetDownloadUrlForLayer\",\"ecr:BatchGetImage\",\"ecr:BatchCheckLayerAvailability\",\"ecr:PutImage\",\"ecr:InitiateLayerUpload\",\"ecr:UploadLayerPart\",\"ecr:CompleteLayerUpload\"],\"Effect\":\"Allow\",\"Principal\":{\"AWS\":[\"arn:aws:iam::730335190330:role/qamatching-app-apprunner-access-role\",\"arn:aws:iam::730335190330:root\"]},\"Sid\":\"AllowPushPull\"}],\"Version\":\"2012-10-17\"}",
            "registry_id": "730335190330",
            "repository": "qamatching-app"
          },
          "sensitive_attributes": [],
          "private": "bnVsbA==",
          "dependencies": [
            "aws_ecr_repository.main",
            "aws_iam_role.apprunner_access_role",
            "data.aws_caller_identity.current"
          ]
        }
      ]
    },
    {
      "mode": "managed",
      "type": "aws_iam_policy",
      "name": "bedrock_access",
      "provider": "provider[\"registry.terraform.io/hashicorp/aws\"]",
      "instances": [
        {
          "schema_version": 0,
          "attributes": {
            "arn": "arn:aws:iam::730335190330:policy/qamatching-app-bedrock-access",
            "attachment_count": 0,
            "description": "Policy for accessing AWS Bedrock from App Runner",
            "id": "arn:aws:iam::730335190330:policy/qamatching-app-bedrock-access",
            "name": "qamatching-app-bedrock-access",
            "name_prefix": "",
            "path": "/",
            "policy": "{\"Statement\":[{\"Action\":[\"bedrock:InvokeModel\",\"bedrock:InvokeModelWithResponseStream\"],\"Effect\":\"Allow\",\"Resource\":[\"arn:aws:bedrock:us-east-1::foundation-model/us.anthropic.claude-3-7-sonnet-20250219-v1:0\"]}],\"Version\":\"2012-10-17\"}",
            "policy_id": "ANPA2UC26TU5KC6DPH7IR",
            "tags": {
              "Environment": "production",
              "ManagedBy": "terraform",
              "Owner": "your-name",
              "Project": "qamatching"
            },
            "tags_all": {
              "Environment": "production",
              "ManagedBy": "terraform",
              "Owner": "your-name",
              "Project": "qamatching"
            }
          },
          "sensitive_attributes": [],
          "private": "bnVsbA==",
          "dependencies": [
            "data.aws_region.current"
          ]
        }
      ]
    },
    {
      "mode": "managed",
      "type": "aws_iam_role",
      "name": "apprunner_access_role",
      "provider": "provider[\"registry.terraform.io/hashicorp/aws\"]",
      "instances": [
        {
          "schema_version": 0,
          "attributes": {
            "arn": "arn:aws:iam::730335190330:role/qamatching-app-apprunner-access-role",
            "assume_role_policy": "{\"Statement\":[{\"Action\":\"sts:AssumeRole\",\"Effect\":\"Allow\",\"Principal\":{\"Service\":\"build.apprunner.amazonaws.com\"}}],\"Version\":\"2012-10-17\"}",
            "create_date": "2025-06-30T02:51:24Z",
            "description": "",
            "force_detach_policies": false,
            "id": "qamatching-app-apprunner-access-role",
            "inline_policy": [],
            "managed_policy_arns": [],
            "max_session_duration": 3600,
            "name": "qamatching-app-apprunner-access-role",
            "name_prefix": "",
            "path": "/",
            "permissions_boundary": "",
            "tags": {
              "Environment": "production",
              "ManagedBy": "terraform",
              "Owner": "your-name",
              "Project": "qamatching"
            },
            "tags_all": {
              "Environment": "production",
              "ManagedBy": "terraform",
              "Owner": "your-name",
              "Project": "qamatching"
            },
            "unique_id": "AROA2UC26TU5OUIM3DQRP"
          },
          "sensitive_attributes": [],
          "private": "bnVsbA=="
        }
      ]
    },
    {
      "mode": "managed",
      "type": "aws_iam_role",
      "name": "apprunner_instance_role",
      "provider": "provider[\"registry.terraform.io/hashicorp/aws\"]",
      "instances": [
        {
          "schema_version": 0,
          "attributes": {
            "arn": "arn:aws:iam::730335190330:role/qamatching-app-apprunner-instance-role",
            "assume_role_policy": "{\"Statement\":[{\"Action\":\"sts:AssumeRole\",\"Effect\":\"Allow\",\"Principal\":{\"Service\":\"tasks.apprunner.amazonaws.com\"}}],\"Version\":\"2012-10-17\"}",
            "create_date": "2025-06-30T02:51:24Z",
            "description": "",
            "force_detach_policies": false,
            "id": "qamatching-app-apprunner-instance-role",
            "inline_policy": [],
            "managed_policy_arns": [],
            "max_session_duration": 3600,
            "name": "qamatching-app-apprunner-instance-role",
            "name_prefix": "",
            "path": "/",
            "permissions_boundary": "",
            "tags": {
              "Environment": "production",
              "ManagedBy": "terraform",
              "Owner": "your-name",
              "Project": "qamatching"
            },
            "tags_all": {
              "Environment": "production",
              "ManagedBy": "terraform",
              "Owner": "your-name",
              "Project": "qamatching"
            },
            "unique_id": "AROA2UC26TU5APUBKQQ2U"
          },
          "sensitive_attributes": [],
          "private": "bnVsbA=="
        }
      ]
    },
    {
      "mode": "managed",
      "type": "aws_iam_role_policy_attachment",
      "name": "apprunner_access_role_policy",
      "provider": "provider[\"registry.terraform.io/hashicorp/aws\"]",
      "instances": [
        {
          "schema_version": 0,
          "attributes": {
            "id": "qamatching-app-apprunner-access-role-20250630025125977200000002",
            "policy_arn": "arn:aws:iam::aws:policy/service-role/AWSAppRunnerServicePolicyForECRAccess",
            "role": "qamatching-app-apprunner-access-role"
          },
          "sensitive_attributes": [],
          "private": "bnVsbA==",
          "dependencies": [
            "aws_iam_role.apprunner_access_role"
          ]
        }
      ]
    },
    {
      "mode": "managed",
      "type": "aws_iam_role_policy_attachment",
      "name": "apprunner_bedrock_access",
      "provider": "provider[\"registry.terraform.io/hashicorp/aws\"]",
      "instances": [
        {
          "schema_version": 0,
          "attributes": {
            "id": "qamatching-app-apprunner-instance-role-20250630025125975800000001",
            "policy_arn": "arn:aws:iam::730335190330:policy/qamatching-app-bedrock-access",
            "role": "qamatching-app-apprunner-instance-role"
          },
          "sensitive_attributes": [],
          "private": "bnVsbA==",
          "dependencies": [
            "aws_iam_policy.bedrock_access",
            "aws_iam_role.apprunner_instance_role",
            "data.aws_region.current"
          ]
        }
      ]
    }
  ],
  "check_results": [
    {
      "object_kind": "var",
      "config_addr": "var.memory",
      "status": "pass",
      "objects": [
        {
          "object_addr": "var.memory",
          "status": "pass"
        }
      ]
    },
    {
      "object_kind": "var",
      "config_addr": "var.max_size",
      "status": "pass",
      "objects": [
        {
          "object_addr": "var.max_size",
          "status": "pass"
        }
      ]
    },
    {
      "object_kind": "var",
      "config_addr": "var.min_size",
      "status": "pass",
      "objects": [
        {
          "object_addr": "var.min_size",
          "status": "pass"
        }
      ]
    },
    {
      "object_kind": "var",
      "config_addr": "var.health_check_unhealthy_threshold",
      "status": "pass",
      "objects": [
        {
          "object_addr": "var.health_check_unhealthy_threshold",
          "status": "pass"
        }
      ]
    },
    {
      "object_kind": "var",
      "config_addr": "var.cpu",
      "status": "pass",
      "objects": [
        {
          "object_addr": "var.cpu",
          "status": "pass"
        }
      ]
    },
    {
      "object_kind": "var",
      "config_addr": "var.health_check_healthy_threshold",
      "status": "pass",
      "objects": [
        {
          "object_addr": "var.health_check_healthy_threshold",
          "status": "pass"
        }
      ]
    },
    {
      "object_kind": "var",
      "config_addr": "var.health_check_timeout",
      "status": "pass",
      "objects": [
        {
          "object_addr": "var.health_check_timeout",
          "status": "pass"
        }
      ]
    },
    {
      "object_kind": "var",
      "config_addr": "var.max_concurrency",
      "status": "pass",
      "objects": [
        {
          "object_addr": "var.max_concurrency",
          "status": "pass"
        }
      ]
    },
    {
      "object_kind": "var",
      "config_addr": "var.health_check_protocol",
      "status": "pass",
      "objects": [
        {
          "object_addr": "var.health_check_protocol",
          "status": "pass"
        }
      ]
    },
    {
      "object_kind": "var",
      "config_addr": "var.health_check_interval",
      "status": "pass",
      "objects": [
        {
          "object_addr": "var.health_check_interval",
          "status": "pass"
        }
      ]
    }
  ]
}
